
Microsoft Visual Studio Solution File, Format Version 12.00
# Visual Studio 14
VisualStudioVersion = 14.0.25420.1
MinimumVisualStudioVersion = 10.0.40219.1
Project("{FAE04EC0-301F-11D3-BF4B-00C04F79EFBC}") = "busca1", "busca1\busca1.csproj", "{2B4410FD-2003-4300-9081-141956B97C64}"
EndProject
Project("{FAE04EC0-301F-11D3-BF4B-00C04F79EFBC}") = "inverte", "inverte\inverte.csproj", "{12AEF7F5-00A7-4372-80AC-8FA2E50A158C}"
EndProject
Global
	GlobalSection(SolutionConfigurationPlatforms) = preSolution
		Debug|Any CPU = Debug|Any CPU
		Release|Any CPU = Release|Any CPU
	EndGlobalSection
	GlobalSection(ProjectConfigurationPlatforms) = postSolution
		{2B4410FD-2003-4300-9081-141956B97C64}.Debug|Any CPU.ActiveCfg = Debug|Any CPU
		{2B4410FD-2003-4300-9081-141956B97C64}.Debug|Any CPU.Build.0 = Debug|Any CPU
		{2B4410FD-2003-4300-9081-141956B97C64}.Release|Any CPU.ActiveCfg = Release|Any CPU
		{2B4410FD-2003-4300-9081-141956B97C64}.Release|Any CPU.Build.0 = Release|Any CPU
		{12AEF7F5-00A7-4372-80AC-8FA2E50A158C}.Debug|Any CPU.ActiveCfg = Debug|Any CPU
		{12AEF7F5-00A7-4372-80AC-8FA2E50A158C}.Debug|Any CPU.Build.0 = Debug|Any CPU
		{12AEF7F5-00A7-4372-80AC-8FA2E50A158C}.Release|Any CPU.ActiveCfg = Release|Any CPU
		{12AEF7F5-00A7-4372-80AC-8FA2E50A158C}.Release|Any CPU.Build.0 = Release|Any CPU
	EndGlobalSection
	GlobalSection(SolutionProperties) = preSolution
		HideSolutionNode = FALSE
	EndGlobalSection
EndGlobal
